
Microsoft Visual Studio Solution File, Format Version 12.00
# Visual Studio Version 17
VisualStudioVersion = 17.5.002.0
MinimumVisualStudioVersion = 10.0.40219.1
Project("{2150E333-8FDC-42A3-9474-1A3956D46DE8}") = "csharp-prep", "csharp-prep", "{CEAAA3B1-5F9C-47A1-8D19-BECE31DA577D}"
EndProject
Project("{9A19103F-16F7-4668-BE54-9A1E7A4F7556}") = "Prep1", "csharp-prep\Prep1\Prep1.csproj", "{B896D397-FEC9-4FBE-9A10-E8AEA186BDE2}"
EndProject
Project("{9A19103F-16F7-4668-BE54-9A1E7A4F7556}") = "Prep2", "csharp-prep\Prep2\Prep2.csproj", "{556CCEC5-9B92-4767-88A4-A6FCBDDD947C}"
EndProject
Project("{9A19103F-16F7-4668-BE54-9A1E7A4F7556}") = "Prep3", "csharp-prep\Prep3\Prep3.csproj", "{0931F62D-1C0A-4922-843A-344ED8005070}"
EndProject
Project("{9A19103F-16F7-4668-BE54-9A1E7A4F7556}") = "Prep4", "csharp-prep\Prep4\Prep4.csproj", "{949B3C19-B99B-40C4-8601-27EE9AD53FB5}"
EndProject
Project("{9A19103F-16F7-4668-BE54-9A1E7A4F7556}") = "Prep5", "csharp-prep\Prep5\Prep5.csproj", "{B7720846-C225-4EDD-85C6-9976D89EEF34}"
EndProject
Project("{2150E333-8FDC-42A3-9474-1A3956D46DE8}") = "final", "final", "{10704B72-B26A-4942-8A1D-B06B04365E18}"
EndProject
Project("{9A19103F-16F7-4668-BE54-9A1E7A4F7556}") = "FinalProject", "final\FinalProject\FinalProject.csproj", "{B37A30A3-D080-4E29-B776-1E8995FE958F}"
EndProject
Project("{9A19103F-16F7-4668-BE54-9A1E7A4F7556}") = "Foundation1", "final\Foundation1\Foundation1.csproj", "{C9F3F407-18BA-45FE-8BB2-C9B31326EB57}"
EndProject
Project("{9A19103F-16F7-4668-BE54-9A1E7A4F7556}") = "Foundation2", "final\Foundation2\Foundation2.csproj", "{AF495B1A-2C7E-43BE-8EFA-2028260AFCE3}"
EndProject
Project("{9A19103F-16F7-4668-BE54-9A1E7A4F7556}") = "Foundation3", "final\Foundation3\Foundation3.csproj", "{3886764A-7233-4B3F-B929-153F7C2EF739}"
EndProject
Project("{9A19103F-16F7-4668-BE54-9A1E7A4F7556}") = "Foundation4", "final\Foundation4\Foundation4.csproj", "{80A926A1-796C-4035-B549-8B6F24A662D5}"
EndProject
Project("{2150E333-8FDC-42A3-9474-1A3956D46DE8}") = "prepare", "prepare", "{C760D698-0CCB-447F-90CD-0E0C611CC1E2}"
EndProject
Project("{9A19103F-16F7-4668-BE54-9A1E7A4F7556}") = "Learning02", "prepare\Learning02\Learning02.csproj", "{90070BED-A352-4C57-B530-B37807CE90C5}"
EndProject
Project("{9A19103F-16F7-4668-BE54-9A1E7A4F7556}") = "Learning03", "prepare\Learning03\Learning03.csproj", "{9A2CCEB6-43C5-4A79-AE2E-53C3642DCA98}"
EndProject
Project("{9A19103F-16F7-4668-BE54-9A1E7A4F7556}") = "Learning04", "prepare\Learning04\Learning04.csproj", "{3C473872-CC8D-43CD-A023-BF932EF46A12}"
EndProject
Project("{9A19103F-16F7-4668-BE54-9A1E7A4F7556}") = "Learning05", "prepare\Learning05\Learning05.csproj", "{081980FB-BD22-42A5-A962-5A7288FD8FFB}"
EndProject
Project("{2150E333-8FDC-42A3-9474-1A3956D46DE8}") = "prove", "prove", "{63E24E9F-90F9-4135-9D35-B197E9D3ABB6}"
EndProject
Project("{9A19103F-16F7-4668-BE54-9A1E7A4F7556}") = "Develop02", "prove\Develop02\Develop02.csproj", "{AEF30A04-438D-4F88-ADBA-6E580FE27597}"
EndProject
Project("{9A19103F-16F7-4668-BE54-9A1E7A4F7556}") = "Develop03", "prove\Develop03\Develop03.csproj", "{792B9CBD-1554-4E70-8C51-8A134917EACC}"
EndProject
Project("{9A19103F-16F7-4668-BE54-9A1E7A4F7556}") = "Develop04", "prove\Develop04\Develop04.csproj", "{D45ABEE2-C2C0-4EF9-9C72-630C00B0EFF1}"
EndProject
Project("{9A19103F-16F7-4668-BE54-9A1E7A4F7556}") = "Develop05", "prove\Develop05\Develop05.csproj", "{E3DEA6C0-E5E4-4B9A-88B0-32886D658157}"
EndProject
Project("{2150E333-8FDC-42A3-9474-1A3956D46DE8}") = "sandbox", "sandbox", "{CB0105DE-4F71-475E-BC33-5445BA9068E4}"
EndProject
Project("{9A19103F-16F7-4668-BE54-9A1E7A4F7556}") = "Sandbox", "sandbox\Sandbox\Sandbox.csproj", "{37E3A85A-4DBA-4697-8094-4F53503DBBFF}"
EndProject
Global
	GlobalSection(SolutionConfigurationPlatforms) = preSolution
		Debug|Any CPU = Debug|Any CPU
		Release|Any CPU = Release|Any CPU
	EndGlobalSection
	GlobalSection(ProjectConfigurationPlatforms) = postSolution
		{B896D397-FEC9-4FBE-9A10-E8AEA186BDE2}.Debug|Any CPU.ActiveCfg = Debug|Any CPU
		{B896D397-FEC9-4FBE-9A10-E8AEA186BDE2}.Debug|Any CPU.Build.0 = Debug|Any CPU
		{B896D397-FEC9-4FBE-9A10-E8AEA186BDE2}.Release|Any CPU.ActiveCfg = Release|Any CPU
		{B896D397-FEC9-4FBE-9A10-E8AEA186BDE2}.Release|Any CPU.Build.0 = Release|Any CPU
		{556CCEC5-9B92-4767-88A4-A6FCBDDD947C}.Debug|Any CPU.ActiveCfg = Debug|Any CPU
		{556CCEC5-9B92-4767-88A4-A6FCBDDD947C}.Debug|Any CPU.Build.0 = Debug|Any CPU
		{556CCEC5-9B92-4767-88A4-A6FCBDDD947C}.Release|Any CPU.ActiveCfg = Release|Any CPU
		{556CCEC5-9B92-4767-88A4-A6FCBDDD947C}.Release|Any CPU.Build.0 = Release|Any CPU
		{0931F62D-1C0A-4922-843A-344ED8005070}.Debug|Any CPU.ActiveCfg = Debug|Any CPU
		{0931F62D-1C0A-4922-843A-344ED8005070}.Debug|Any CPU.Build.0 = Debug|Any CPU
		{0931F62D-1C0A-4922-843A-344ED8005070}.Release|Any CPU.ActiveCfg = Release|Any CPU
		{0931F62D-1C0A-4922-843A-344ED8005070}.Release|Any CPU.Build.0 = Release|Any CPU
		{949B3C19-B99B-40C4-8601-27EE9AD53FB5}.Debug|Any CPU.ActiveCfg = Debug|Any CPU
		{949B3C19-B99B-40C4-8601-27EE9AD53FB5}.Debug|Any CPU.Build.0 = Debug|Any CPU
		{949B3C19-B99B-40C4-8601-27EE9AD53FB5}.Release|Any CPU.ActiveCfg = Release|Any CPU
		{949B3C19-B99B-40C4-8601-27EE9AD53FB5}.Release|Any CPU.Build.0 = Release|Any CPU
		{B7720846-C225-4EDD-85C6-9976D89EEF34}.Debug|Any CPU.ActiveCfg = Debug|Any CPU
		{B7720846-C225-4EDD-85C6-9976D89EEF34}.Debug|Any CPU.Build.0 = Debug|Any CPU
		{B7720846-C225-4EDD-85C6-9976D89EEF34}.Release|Any CPU.ActiveCfg = Release|Any CPU
		{B7720846-C225-4EDD-85C6-9976D89EEF34}.Release|Any CPU.Build.0 = Release|Any CPU
		{B37A30A3-D080-4E29-B776-1E8995FE958F}.Debug|Any CPU.ActiveCfg = Debug|Any CPU
		{B37A30A3-D080-4E29-B776-1E8995FE958F}.Debug|Any CPU.Build.0 = Debug|Any CPU
		{B37A30A3-D080-4E29-B776-1E8995FE958F}.Release|Any CPU.ActiveCfg = Release|Any CPU
		{B37A30A3-D080-4E29-B776-1E8995FE958F}.Release|Any CPU.Build.0 = Release|Any CPU
		{C9F3F407-18BA-45FE-8BB2-C9B31326EB57}.Debug|Any CPU.ActiveCfg = Debug|Any CPU
		{C9F3F407-18BA-45FE-8BB2-C9B31326EB57}.Debug|Any CPU.Build.0 = Debug|Any CPU
		{C9F3F407-18BA-45FE-8BB2-C9B31326EB57}.Release|Any CPU.ActiveCfg = Release|Any CPU
		{C9F3F407-18BA-45FE-8BB2-C9B31326EB57}.Release|Any CPU.Build.0 = Release|Any CPU
		{AF495B1A-2C7E-43BE-8EFA-2028260AFCE3}.Debug|Any CPU.ActiveCfg = Debug|Any CPU
		{AF495B1A-2C7E-43BE-8EFA-2028260AFCE3}.Debug|Any CPU.Build.0 = Debug|Any CPU
		{AF495B1A-2C7E-43BE-8EFA-2028260AFCE3}.Release|Any CPU.ActiveCfg = Release|Any CPU
		{AF495B1A-2C7E-43BE-8EFA-2028260AFCE3}.Release|Any CPU.Build.0 = Release|Any CPU
		{3886764A-7233-4B3F-B929-153F7C2EF739}.Debug|Any CPU.ActiveCfg = Debug|Any CPU
		{3886764A-7233-4B3F-B929-153F7C2EF739}.Debug|Any CPU.Build.0 = Debug|Any CPU
		{3886764A-7233-4B3F-B929-153F7C2EF739}.Release|Any CPU.ActiveCfg = Release|Any CPU
		{3886764A-7233-4B3F-B929-153F7C2EF739}.Release|Any CPU.Build.0 = Release|Any CPU
		{80A926A1-796C-4035-B549-8B6F24A662D5}.Debug|Any CPU.ActiveCfg = Debug|Any CPU
		{80A926A1-796C-4035-B549-8B6F24A662D5}.Debug|Any CPU.Build.0 = Debug|Any CPU
		{80A926A1-796C-4035-B549-8B6F24A662D5}.Release|Any CPU.ActiveCfg = Release|Any CPU
		{80A926A1-796C-4035-B549-8B6F24A662D5}.Release|Any CPU.Build.0 = Release|Any CPU
		{90070BED-A352-4C57-B530-B37807CE90C5}.Debug|Any CPU.ActiveCfg = Debug|Any CPU
		{90070BED-A352-4C57-B530-B37807CE90C5}.Debug|Any CPU.Build.0 = Debug|Any CPU
		{90070BED-A352-4C57-B530-B37807CE90C5}.Release|Any CPU.ActiveCfg = Release|Any CPU
		{90070BED-A352-4C57-B530-B37807CE90C5}.Release|Any CPU.Build.0 = Release|Any CPU
		{9A2CCEB6-43C5-4A79-AE2E-53C3642DCA98}.Debug|Any CPU.ActiveCfg = Debug|Any CPU
		{9A2CCEB6-43C5-4A79-AE2E-53C3642DCA98}.Debug|Any CPU.Build.0 = Debug|Any CPU
		{9A2CCEB6-43C5-4A79-AE2E-53C3642DCA98}.Release|Any CPU.ActiveCfg = Release|Any CPU
		{9A2CCEB6-43C5-4A79-AE2E-53C3642DCA98}.Release|Any CPU.Build.0 = Release|Any CPU
		{3C473872-CC8D-43CD-A023-BF932EF46A12}.Debug|Any CPU.ActiveCfg = Debug|Any CPU
		{3C473872-CC8D-43CD-A023-BF932EF46A12}.Debug|Any CPU.Build.0 = Debug|Any CPU
		{3C473872-CC8D-43CD-A023-BF932EF46A12}.Release|Any CPU.ActiveCfg = Release|Any CPU
		{3C473872-CC8D-43CD-A023-BF932EF46A12}.Release|Any CPU.Build.0 = Release|Any CPU
		{081980FB-BD22-42A5-A962-5A7288FD8FFB}.Debug|Any CPU.ActiveCfg = Debug|Any CPU
		{081980FB-BD22-42A5-A962-5A7288FD8FFB}.Debug|Any CPU.Build.0 = Debug|Any CPU
		{081980FB-BD22-42A5-A962-5A7288FD8FFB}.Release|Any CPU.ActiveCfg = Release|Any CPU
		{081980FB-BD22-42A5-A962-5A7288FD8FFB}.Release|Any CPU.Build.0 = Release|Any CPU
		{AEF30A04-438D-4F88-ADBA-6E580FE27597}.Debug|Any CPU.ActiveCfg = Debug|Any CPU
		{AEF30A04-438D-4F88-ADBA-6E580FE27597}.Debug|Any CPU.Build.0 = Debug|Any CPU
		{AEF30A04-438D-4F88-ADBA-6E580FE27597}.Release|Any CPU.ActiveCfg = Release|Any CPU
		{AEF30A04-438D-4F88-ADBA-6E580FE27597}.Release|Any CPU.Build.0 = Release|Any CPU
		{792B9CBD-1554-4E70-8C51-8A134917EACC}.Debug|Any CPU.ActiveCfg = Debug|Any CPU
		{792B9CBD-1554-4E70-8C51-8A134917EACC}.Debug|Any CPU.Build.0 = Debug|Any CPU
		{792B9CBD-1554-4E70-8C51-8A134917EACC}.Release|Any CPU.ActiveCfg = Release|Any CPU
		{792B9CBD-1554-4E70-8C51-8A134917EACC}.Release|Any CPU.Build.0 = Release|Any CPU
		{D45ABEE2-C2C0-4EF9-9C72-630C00B0EFF1}.Debug|Any CPU.ActiveCfg = Debug|Any CPU
		{D45ABEE2-C2C0-4EF9-9C72-630C00B0EFF1}.Debug|Any CPU.Build.0 = Debug|Any CPU
		{D45ABEE2-C2C0-4EF9-9C72-630C00B0EFF1}.Release|Any CPU.ActiveCfg = Release|Any CPU
		{D45ABEE2-C2C0-4EF9-9C72-630C00B0EFF1}.Release|Any CPU.Build.0 = Release|Any CPU
		{E3DEA6C0-E5E4-4B9A-88B0-32886D658157}.Debug|Any CPU.ActiveCfg = Debug|Any CPU
		{E3DEA6C0-E5E4-4B9A-88B0-32886D658157}.Debug|Any CPU.Build.0 = Debug|Any CPU
		{E3DEA6C0-E5E4-4B9A-88B0-32886D658157}.Release|Any CPU.ActiveCfg = Release|Any CPU
		{E3DEA6C0-E5E4-4B9A-88B0-32886D658157}.Release|Any CPU.Build.0 = Release|Any CPU
		{37E3A85A-4DBA-4697-8094-4F53503DBBFF}.Debug|Any CPU.ActiveCfg = Debug|Any CPU
		{37E3A85A-4DBA-4697-8094-4F53503DBBFF}.Debug|Any CPU.Build.0 = Debug|Any CPU
		{37E3A85A-4DBA-4697-8094-4F53503DBBFF}.Release|Any CPU.ActiveCfg = Release|Any CPU
		{37E3A85A-4DBA-4697-8094-4F53503DBBFF}.Release|Any CPU.Build.0 = Release|Any CPU
	EndGlobalSection
	GlobalSection(SolutionProperties) = preSolution
		HideSolutionNode = FALSE
	EndGlobalSection
	GlobalSection(NestedProjects) = preSolution
		{B896D397-FEC9-4FBE-9A10-E8AEA186BDE2} = {CEAAA3B1-5F9C-47A1-8D19-BECE31DA577D}
		{556CCEC5-9B92-4767-88A4-A6FCBDDD947C} = {CEAAA3B1-5F9C-47A1-8D19-BECE31DA577D}
		{0931F62D-1C0A-4922-843A-344ED8005070} = {CEAAA3B1-5F9C-47A1-8D19-BECE31DA577D}
		{949B3C19-B99B-40C4-8601-27EE9AD53FB5} = {CEAAA3B1-5F9C-47A1-8D19-BECE31DA577D}
		{B7720846-C225-4EDD-85C6-9976D89EEF34} = {CEAAA3B1-5F9C-47A1-8D19-BECE31DA577D}
		{B37A30A3-D080-4E29-B776-1E8995FE958F} = {10704B72-B26A-4942-8A1D-B06B04365E18}
		{C9F3F407-18BA-45FE-8BB2-C9B31326EB57} = {10704B72-B26A-4942-8A1D-B06B04365E18}
		{AF495B1A-2C7E-43BE-8EFA-2028260AFCE3} = {10704B72-B26A-4942-8A1D-B06B04365E18}
		{3886764A-7233-4B3F-B929-153F7C2EF739} = {10704B72-B26A-4942-8A1D-B06B04365E18}
		{80A926A1-796C-4035-B549-8B6F24A662D5} = {10704B72-B26A-4942-8A1D-B06B04365E18}
		{90070BED-A352-4C57-B530-B37807CE90C5} = {C760D698-0CCB-447F-90CD-0E0C611CC1E2}
		{9A2CCEB6-43C5-4A79-AE2E-53C3642DCA98} = {C760D698-0CCB-447F-90CD-0E0C611CC1E2}
		{3C473872-CC8D-43CD-A023-BF932EF46A12} = {C760D698-0CCB-447F-90CD-0E0C611CC1E2}
		{081980FB-BD22-42A5-A962-5A7288FD8FFB} = {C760D698-0CCB-447F-90CD-0E0C611CC1E2}
		{AEF30A04-438D-4F88-ADBA-6E580FE27597} = {63E24E9F-90F9-4135-9D35-B197E9D3ABB6}
		{792B9CBD-1554-4E70-8C51-8A134917EACC} = {63E24E9F-90F9-4135-9D35-B197E9D3ABB6}
		{D45ABEE2-C2C0-4EF9-9C72-630C00B0EFF1} = {63E24E9F-90F9-4135-9D35-B197E9D3ABB6}
		{E3DEA6C0-E5E4-4B9A-88B0-32886D658157} = {63E24E9F-90F9-4135-9D35-B197E9D3ABB6}
		{37E3A85A-4DBA-4697-8094-4F53503DBBFF} = {CB0105DE-4F71-475E-BC33-5445BA9068E4}
	EndGlobalSection
	GlobalSection(ExtensibilityGlobals) = postSolution
		SolutionGuid = {E95F3710-6169-4534-A62C-81FA0D39E875}
	EndGlobalSection
EndGlobal
